
Microsoft Visual Studio Solution File, Format Version 12.00
# Visual Studio Version 17
VisualStudioVersion = 17.5.33530.505
MinimumVisualStudioVersion = 10.0.40219.1
Project("{FAE04EC0-301F-11D3-BF4B-00C04F79EFBC}") = "shop22", "shop22\shop22.csproj", "{6FB731D9-176A-44E2-99D1-1B0323EF910F}"
EndProject
Global
	GlobalSection(SolutionConfigurationPlatforms) = preSolution
		Debug|Any CPU = Debug|Any CPU
		Release|Any CPU = Release|Any CPU
	EndGlobalSection
	GlobalSection(ProjectConfigurationPlatforms) = postSolution
		{6FB731D9-176A-44E2-99D1-1B0323EF910F}.Debug|Any CPU.ActiveCfg = Debug|Any CPU
		{6FB731D9-176A-44E2-99D1-1B0323EF910F}.Debug|Any CPU.Build.0 = Debug|Any CPU
		{6FB731D9-176A-44E2-99D1-1B0323EF910F}.Release|Any CPU.ActiveCfg = Release|Any CPU
		{6FB731D9-176A-44E2-99D1-1B0323EF910F}.Release|Any CPU.Build.0 = Release|Any CPU
	EndGlobalSection
	GlobalSection(SolutionProperties) = preSolution
		HideSolutionNode = FALSE
	EndGlobalSection
	GlobalSection(ExtensibilityGlobals) = postSolution
		SolutionGuid = {540C7A4B-BD5D-4FB5-BA95-07E281F3B39D}
	EndGlobalSection
EndGlobal
